<?xml version="1.0" encoding="utf-8"?>
<Project ToolsVersion="4.0" xmlns="http://schemas.microsoft.com/developer/msbuild/2003">
  <ItemGroup>
    <Filter Include="Quelldateien">
      <UniqueIdentifier>{4FC737F1-C7A5-4376-A066-2A32D752A2FF}</UniqueIdentifier>
      <Extensions>cpp;c;cc;cxx;def;odl;idl;hpj;bat;asm;asmx</Extensions>
    </Filter>
    <Filter Include="Headerdateien">
      <UniqueIdentifier>{93995380-89BD-4b04-88EB-625FBE52EBFB}</UniqueIdentifier>
      <Extensions>h;hh;hpp;hxx;hm;inl;inc;xsd</Extensions>
    </Filter>
    <Filter Include="Ressourcendateien">
      <UniqueIdentifier>{67DA6AB6-F800-4c08-8B7A-83BB121AAD01}</UniqueIdentifier>
      <Extensions>rc;ico;cur;bmp;dlg;rc2;rct;bin;rgs;gif;jpg;jpeg;jpe;resx;tiff;tif;png;wav;mfcribbon-ms</Extensions>
    </Filter>
  </ItemGroup>
  <ItemGroup>
    <Text Include="ReadMe.txt" />
  </ItemGroup>
  <ItemGroup>
    <ClInclude Include="src\stdafx.h">
      <Filter>Headerdateien</Filter>
    </ClInclude>
    <ClInclude Include="src\targetver.h">
      <Filter>Headerdateien</Filter>
    </ClInclude>
    <ClInclude Include="src\game\components\window\Window.h">
      <Filter>Headerdateien</Filter>
    </ClInclude>
    <ClInclude Include="src\game\components\state\GameEngine.h">
      <Filter>Headerdateien</Filter>
    </ClInclude>
    <ClInclude Include="src\game\components\state\CGameState.h">
      <Filter>Headerdateien</Filter>
    </ClInclude>
    <ClInclude Include="src\game\components\state\menue\Menue.h">
      <Filter>Headerdateien</Filter>
    </ClInclude>
    <ClInclude Include="src\utils\filemanager\FileManager.h">
      <Filter>Headerdateien</Filter>
    </ClInclude>
    <ClInclude Include="src\utils\Shapes\ShapeRec.h">
      <Filter>Headerdateien</Filter>
    </ClInclude>
    <ClInclude Include="src\utils\timer\Timer.h">
      <Filter>Headerdateien</Filter>
    </ClInclude>
    <ClInclude Include="src\game\components\graphics\texture\LTexture.h">
      <Filter>Headerdateien</Filter>
    </ClInclude>
    <ClInclude Include="src\game\components\graphics\assets\Asset.h">
      <Filter>Headerdateien</Filter>
    </ClInclude>
    <ClInclude Include="src\game\components\graphics\button\Button.h">
      <Filter>Headerdateien</Filter>
    </ClInclude>
    <ClInclude Include="src\game\components\graphics\assets\button\ButtonAsset.h">
      <Filter>Headerdateien</Filter>
    </ClInclude>
  </ItemGroup>
  <ItemGroup>
    <ClCompile Include="src\stdafx.cpp">
      <Filter>Quelldateien</Filter>
    </ClCompile>
    <ClCompile Include="src\Super Mario.cpp">
      <Filter>Quelldateien</Filter>
    </ClCompile>
    <ClCompile Include="src\game\components\window\Window.cpp">
      <Filter>Quelldateien</Filter>
    </ClCompile>
    <ClCompile Include="src\game\components\state\GameEngine.cpp">
      <Filter>Quelldateien</Filter>
    </ClCompile>
    <ClCompile Include="src\game\components\state\CGameState.cpp">
      <Filter>Quelldateien</Filter>
    </ClCompile>
    <ClCompile Include="src\game\components\state\menue\Menue.cpp">
      <Filter>Quelldateien</Filter>
    </ClCompile>
    <ClCompile Include="src\utils\filemanager\FileManager.cpp">
      <Filter>Quelldateien</Filter>
    </ClCompile>
    <ClCompile Include="src\utils\Shapes\ShapeRec.cpp">
      <Filter>Quelldateien</Filter>
    </ClCompile>
    <ClCompile Include="src\utils\timer\Timer.cpp">
      <Filter>Quelldateien</Filter>
    </ClCompile>
    <ClCompile Include="src\game\components\graphics\texture\LTexture.cpp">
      <Filter>Quelldateien</Filter>
    </ClCompile>
    <ClCompile Include="src\game\components\graphics\assets\Asset.cpp">
      <Filter>Quelldateien</Filter>
    </ClCompile>
    <ClCompile Include="src\game\components\graphics\button\Button.cpp">
      <Filter>Quelldateien</Filter>
    </ClCompile>
    <ClCompile Include="src\game\components\graphics\assets\button\ButtonAsset.cpp">
      <Filter>Quelldateien</Filter>
    </ClCompile>
  </ItemGroup>
</Project>